version: 6
environments:
  default:
    channels:
    - url: https://conda.anaconda.org/conda-forge/
    packages:
      linux-64:
      - conda: https://conda.anaconda.org/conda-forge/linux-64/_libgcc_mutex-0.1-conda_forge.tar.bz2
      - conda: https://conda.anaconda.org/conda-forge/linux-64/_openmp_mutex-4.5-2_gnu.tar.bz2
      - conda: https://conda.anaconda.org/conda-forge/linux-64/libgcc-14.2.0-h767d61c_2.conda
      - conda: https://conda.anaconda.org/conda-forge/linux-64/libgomp-14.2.0-h767d61c_2.conda
      - conda: https://conda.anaconda.org/conda-forge/linux-64/libstdcxx-14.2.0-h8f9b012_2.conda
      - conda: https://conda.anaconda.org/conda-forge/linux-64/make-4.4.1-hb9d3cd8_2.conda
      - conda: https://conda.anaconda.org/conda-forge/linux-64/ninja-1.12.1-hff21bea_1.conda
      linux-aarch64:
      - conda: https://conda.anaconda.org/conda-forge/linux-aarch64/_openmp_mutex-4.5-2_gnu.tar.bz2
      - conda: https://conda.anaconda.org/conda-forge/linux-aarch64/libgcc-14.2.0-he277a41_2.conda
      - conda: https://conda.anaconda.org/conda-forge/linux-aarch64/libgomp-14.2.0-he277a41_2.conda
      - conda: https://conda.anaconda.org/conda-forge/linux-aarch64/libstdcxx-14.2.0-h3f4de04_2.conda
      - conda: https://conda.anaconda.org/conda-forge/linux-aarch64/make-4.4.1-h2a6d0cb_2.conda
      - conda: https://conda.anaconda.org/conda-forge/linux-aarch64/ninja-1.12.1-h17cf362_1.conda
      linux-ppc64le:
      - conda: https://conda.anaconda.org/conda-forge/linux-ppc64le/_libgcc_mutex-0.1-conda_forge.tar.bz2
      - conda: https://conda.anaconda.org/conda-forge/linux-ppc64le/_openmp_mutex-4.5-2_gnu.tar.bz2
      - conda: https://conda.anaconda.org/conda-forge/linux-ppc64le/libgcc-14.2.0-h0d7acf9_2.conda
      - conda: https://conda.anaconda.org/conda-forge/linux-ppc64le/libgomp-14.2.0-h0d7acf9_2.conda
      - conda: https://conda.anaconda.org/conda-forge/linux-ppc64le/libstdcxx-14.2.0-h262982c_2.conda
      - conda: https://conda.anaconda.org/conda-forge/linux-ppc64le/make-4.4.1-h3d690f4_2.conda
      - conda: https://conda.anaconda.org/conda-forge/linux-ppc64le/ninja-1.12.1-hb22304a_1.conda
      osx-64:
      - conda: https://conda.anaconda.org/conda-forge/osx-64/libcxx-20.1.4-hf95d169_0.conda
      - conda: https://conda.anaconda.org/conda-forge/osx-64/make-4.4.1-h00291cd_2.conda
      - conda: https://conda.anaconda.org/conda-forge/osx-64/ninja-1.12.1-hd6aca1a_1.conda
      osx-arm64:
      - conda: https://conda.anaconda.org/conda-forge/osx-arm64/libcxx-20.1.4-ha82da77_0.conda
      - conda: https://conda.anaconda.org/conda-forge/osx-arm64/make-4.4.1-hc9fafa5_2.conda
      - conda: https://conda.anaconda.org/conda-forge/osx-arm64/ninja-1.12.1-h177bc72_1.conda
packages:
- conda: https://conda.anaconda.org/conda-forge/linux-64/_libgcc_mutex-0.1-conda_forge.tar.bz2
  sha256: fe51de6107f9edc7aa4f786a70f4a883943bc9d39b3bb7307c04c41410990726
  md5: d7c89558ba9fa0495403155b64376d81
  license: None
  size: 2562
  timestamp: 1578324546067
- conda: https://conda.anaconda.org/conda-forge/linux-ppc64le/_libgcc_mutex-0.1-conda_forge.tar.bz2
  sha256: 5dd34b412e6274c0614d01a2f616844376ae873dfb8782c2c67d055779de6df6
  md5: e96f48755dc7c9f86c4aecf4cac40477
  license: None
  size: 2550
  timestamp: 1578324511581
- conda: https://conda.anaconda.org/conda-forge/linux-64/_openmp_mutex-4.5-2_gnu.tar.bz2
  build_number: 16
  sha256: fbe2c5e56a653bebb982eda4876a9178aedfc2b545f25d0ce9c4c0b508253d22
  md5: 73aaf86a425cc6e73fcf236a5a46396d
  depends:
  - _libgcc_mutex 0.1 conda_forge
  - libgomp >=7.5.0
  constrains:
  - openmp_impl 9999
  license: BSD-3-Clause
  license_family: BSD
  size: 23621
  timestamp: 1650670423406
- conda: https://conda.anaconda.org/conda-forge/linux-aarch64/_openmp_mutex-4.5-2_gnu.tar.bz2
  build_number: 16
  sha256: 3702bef2f0a4d38bd8288bbe54aace623602a1343c2cfbefd3fa188e015bebf0
  md5: 6168d71addc746e8f2b8d57dfd2edcea
  depends:
  - libgomp >=7.5.0
  constrains:
  - openmp_impl 9999
  license: BSD-3-Clause
  license_family: BSD
  size: 23712
  timestamp: 1650670790230
- conda: https://conda.anaconda.org/conda-forge/linux-ppc64le/_openmp_mutex-4.5-2_gnu.tar.bz2
  build_number: 16
  sha256: 4c89c2067cf5e7b0fbbdc3200c3f7affa5896e14812acf10f51575be87ae0c05
  md5: 3e41cbaba7e4988d15a24c4e85e6171b
  depends:
  - _libgcc_mutex 0.1 conda_forge
  - libgomp >=7.5.0
  constrains:
  - openmp_impl 9999
  license: BSD-3-Clause
  license_family: BSD
  size: 23710
  timestamp: 1650671119831
- conda: https://conda.anaconda.org/conda-forge/osx-64/libcxx-20.1.4-hf95d169_0.conda
  sha256: 491ae6c8b5dc678581b52d24de73e303b895fd5f600da2f6f721b385692083d0
  md5: 9a38a63cfe950dd3e1b3adfcba731d3a
  depends:
  - __osx >=10.13
  license: Apache-2.0 WITH LLVM-exception
  license_family: Apache
  size: 559984
  timestamp: 1745991583464
- conda: https://conda.anaconda.org/conda-forge/osx-arm64/libcxx-20.1.4-ha82da77_0.conda
  sha256: 1837e2c65f8fc8cfd8b240cfe89406d0ce83112ac63f98c9fb3c9a15b4f2d4e1
  md5: 10c809af502fcdab799082d338170994
  depends:
  - __osx >=11.0
  license: Apache-2.0 WITH LLVM-exception
  license_family: Apache
  size: 565811
  timestamp: 1745991653948
- conda: https://conda.anaconda.org/conda-forge/linux-64/libgcc-14.2.0-h767d61c_2.conda
  sha256: 3a572d031cb86deb541d15c1875aaa097baefc0c580b54dc61f5edab99215792
  md5: ef504d1acbd74b7cc6849ef8af47dd03
  depends:
  - __glibc >=2.17,<3.0.a0
  - _openmp_mutex >=4.5
  constrains:
  - libgomp 14.2.0 h767d61c_2
  - libgcc-ng ==14.2.0=*_2
  license: GPL-3.0-only WITH GCC-exception-3.1
  license_family: GPL
  size: 847885
  timestamp: 1740240653082
- conda: https://conda.anaconda.org/conda-forge/linux-aarch64/libgcc-14.2.0-he277a41_2.conda
  sha256: a57f7f9ba2a12f56eafdcd25b6d75f7be10b8fc1a802a58b76a77ca8c66f4503
  md5: 6b4268a60b10f29257b51b9b67ff8d76
  depends:
  - _openmp_mutex >=4.5
  constrains:
  - libgcc-ng ==14.2.0=*_2
  - libgomp 14.2.0 he277a41_2
  license: GPL-3.0-only WITH GCC-exception-3.1
  license_family: GPL
  size: 535507
  timestamp: 1740241069780
- conda: https://conda.anaconda.org/conda-forge/linux-ppc64le/libgcc-14.2.0-h0d7acf9_2.conda
  sha256: 2d260fb7ffff66dc852bd16bbb465372c152e7e5fc1b72e110db82badc3cf6a0
  md5: 11f154dfcfde0615c7208a78c90969bc
  depends:
  - _openmp_mutex >=4.5
  constrains:
  - libgomp 14.2.0 h0d7acf9_2
  - libgcc-ng ==14.2.0=*_2
  license: GPL-3.0-only WITH GCC-exception-3.1
  license_family: GPL
  size: 759740
  timestamp: 1740240661001
- conda: https://conda.anaconda.org/conda-forge/linux-64/libgomp-14.2.0-h767d61c_2.conda
  sha256: 1a3130e0b9267e781b89399580f3163632d59fe5b0142900d63052ab1a53490e
  md5: 06d02030237f4d5b3d9a7e7d348fe3c6
  depends:
  - __glibc >=2.17,<3.0.a0
  license: GPL-3.0-only WITH GCC-exception-3.1
  license_family: GPL
  size: 459862
  timestamp: 1740240588123
- conda: https://conda.anaconda.org/conda-forge/linux-aarch64/libgomp-14.2.0-he277a41_2.conda
  sha256: 4e303711fb7413bf98995beac58e731073099d7a669a3b81e49330ca8da05174
  md5: b11c09d9463daf4cae492d29806b1889
  license: GPL-3.0-only WITH GCC-exception-3.1
  license_family: GPL
  size: 462783
  timestamp: 1740241005079
- conda: https://conda.anaconda.org/conda-forge/linux-ppc64le/libgomp-14.2.0-h0d7acf9_2.conda
  sha256: e55f7025a6f0f96ac63f7bce5e20b1ae8a3e7cb122e1daa8661c8dc6042850c5
  md5: 3434b6fd0b74157d2a26b07dbf650503
  license: GPL-3.0-only WITH GCC-exception-3.1
  license_family: GPL
  size: 466166
  timestamp: 1740240593013
- conda: https://conda.anaconda.org/conda-forge/linux-64/libstdcxx-14.2.0-h8f9b012_2.conda
  sha256: 8f5bd92e4a24e1d35ba015c5252e8f818898478cb3bc50bd8b12ab54707dc4da
  md5: a78c856b6dc6bf4ea8daeb9beaaa3fb0
  depends:
  - __glibc >=2.17,<3.0.a0
  - libgcc 14.2.0 h767d61c_2
  license: GPL-3.0-only WITH GCC-exception-3.1
  license_family: GPL
  size: 3884556
  timestamp: 1740240685253
- conda: https://conda.anaconda.org/conda-forge/linux-aarch64/libstdcxx-14.2.0-h3f4de04_2.conda
  sha256: c30a74bc996013907f6d9f344da007c26d98ef9a0831151cd50aece3125c45d5
  md5: eadee2cda99697e29411c1013c187b92
  depends:
  - libgcc 14.2.0 he277a41_2
  license: GPL-3.0-only WITH GCC-exception-3.1
  license_family: GPL
  size: 3810779
  timestamp: 1740241094774
- conda: https://conda.anaconda.org/conda-forge/linux-ppc64le/libstdcxx-14.2.0-h262982c_2.conda
  sha256: 229d1c68481ffd2fbcac61d168a19d4a1e518ed7484363ebd45e728419077986
  md5: 34f438177f2e0f09721e177e452e85a1
  depends:
  - libgcc 14.2.0 h0d7acf9_2
  license: GPL-3.0-only WITH GCC-exception-3.1
  license_family: GPL
  size: 4019808
  timestamp: 1740240686118
- conda: https://conda.anaconda.org/conda-forge/linux-64/make-4.4.1-hb9d3cd8_2.conda
  sha256: d652c7bd4d3b6f82b0f6d063b0d8df6f54cc47531092d7ff008e780f3261bdda
  md5: 33405d2a66b1411db9f7242c8b97c9e7
  depends:
  - __glibc >=2.17,<3.0.a0
  - libgcc >=13
  license: GPL-3.0-or-later
  license_family: GPL
  size: 513088
  timestamp: 1727801714848
- conda: https://conda.anaconda.org/conda-forge/linux-aarch64/make-4.4.1-h2a6d0cb_2.conda
  sha256: d243aea768e6fa360b7eda598340f43d2a41c9fc169d9f97f505410be68815f8
  md5: 5983ffb12d09efc45c4a3b74cd890137
  depends:
  - libgcc >=13
  license: GPL-3.0-or-later
  license_family: GPL
  size: 528318
  timestamp: 1727801707353
- conda: https://conda.anaconda.org/conda-forge/linux-ppc64le/make-4.4.1-h3d690f4_2.conda
  sha256: cb4c15b2dbbd2418965a5e9a3bc87add1f7088f5c0027fd8dc5f8443ed5ba4f4
  md5: b5d977048ee7a69d485063d3012ba82e
  depends:
  - libgcc >=13
  license: GPL-3.0-or-later
  license_family: GPL
  size: 544800
  timestamp: 1727801763630
- conda: https://conda.anaconda.org/conda-forge/osx-64/make-4.4.1-h00291cd_2.conda
  sha256: 5a5ab3ee828309185e0a76ca80f5da85f31d8480d923abb508ca00fe194d1b5a
  md5: 59b4ad97bbb36ef5315500d5bde4bcfc
  depends:
  - __osx >=10.13
  license: GPL-3.0-or-later
  license_family: GPL
  size: 278910
  timestamp: 1727801765025
- conda: https://conda.anaconda.org/conda-forge/osx-arm64/make-4.4.1-hc9fafa5_2.conda
  sha256: 90ca65e788406d9029ae23ad4bd944a8b5353ad5f59bd6ce326f980cde46f37e
  md5: 9f44ef1fea0a25d6a3491c58f3af8460
  depends:
  - __osx >=11.0
  license: GPL-3.0-or-later
  license_family: GPL
  size: 274048
  timestamp: 1727801725384
- conda: https://conda.anaconda.org/conda-forge/linux-64/ninja-1.12.1-hff21bea_1.conda
  sha256: 1f2f7e26084971e87bfbb733f17d824ff3323ee9618fb713ae9932386da76aed
  md5: 2322531904f27501ee19847b87ba7c64
  depends:
  - __glibc >=2.17,<3.0.a0
  - libstdcxx >=13
  - libgcc >=13
  license: Apache-2.0
  license_family: APACHE
  size: 161883
  timestamp: 1745526264371
- conda: https://conda.anaconda.org/conda-forge/linux-aarch64/ninja-1.12.1-h17cf362_1.conda
  sha256: b1595c2a70b30bde1acf54be495e6fac980331f31ea046f50052ea4f6a7e992f
  md5: 885414635e2a65ed06f284f6d569cdff
  depends:
  - libstdcxx >=13
  - libgcc >=13
  license: Apache-2.0
  license_family: APACHE
  size: 161484
  timestamp: 1745526292575
- conda: https://conda.anaconda.org/conda-forge/linux-ppc64le/ninja-1.12.1-hb22304a_1.conda
  sha256: 6cbe863dad3dd9787473a44c61cde1be568df2231d3cbdcbba0db8591b86f096
  md5: 64f85e9240d13d251956f04700aac320
  depends:
  - libstdcxx >=13
  - libgcc >=13
  license: Apache-2.0
  license_family: APACHE
  size: 172453
  timestamp: 1745526284962
- conda: https://conda.anaconda.org/conda-forge/osx-64/ninja-1.12.1-hd6aca1a_1.conda
  sha256: 183bce1186a441b0e6aec8f5f7b85771fa6d36212422a0aaf7a15c0ef5e68cd3
  md5: 1cf196736676270fa876001901e4e1db
  depends:
  - __osx >=10.13
  - libcxx >=18
  license: Apache-2.0
  license_family: APACHE
  size: 164846
  timestamp: 1745526274680
- conda: https://conda.anaconda.org/conda-forge/osx-arm64/ninja-1.12.1-h177bc72_1.conda
  sha256: 97fe845160df332063dfe9ed4386a32a6221c9add970fd37e161e301fd189088
  md5: bd8af7d5055f2263fc3aa282493d7e8f
  depends:
  - libcxx >=18
  - __osx >=11.0
  license: Apache-2.0
  license_family: APACHE
  size: 150474
  timestamp: 1745526261753
