version: 5
environments:
  default:
    channels:
    - url: https://conda.anaconda.org/conda-forge/
    packages:
      linux-64:
      - conda: https://conda.anaconda.org/conda-forge/linux-64/_libgcc_mutex-0.1-conda_forge.tar.bz2
      - conda: https://conda.anaconda.org/conda-forge/linux-64/_openmp_mutex-4.5-2_gnu.tar.bz2
      - conda: https://conda.anaconda.org/conda-forge/linux-64/jq-1.7.1-hd590300_0.conda
      - conda: https://conda.anaconda.org/conda-forge/linux-64/libgcc-ng-14.1.0-h77fa898_0.conda
      - conda: https://conda.anaconda.org/conda-forge/linux-64/libgomp-14.1.0-h77fa898_0.conda
      - conda: https://conda.anaconda.org/conda-forge/linux-64/libstdcxx-ng-14.1.0-hc0a3c3a_0.conda
      - conda: https://conda.anaconda.org/conda-forge/linux-64/make-4.4.1-hb9d3cd8_0.conda
      - conda: https://conda.anaconda.org/conda-forge/linux-64/ninja-1.12.1-h297d8ca_0.conda
      - conda: https://conda.anaconda.org/conda-forge/linux-64/oniguruma-6.9.9-hd590300_0.conda
      linux-aarch64:
      - conda: https://conda.anaconda.org/conda-forge/linux-aarch64/_openmp_mutex-4.5-2_gnu.tar.bz2
      - conda: https://conda.anaconda.org/conda-forge/linux-aarch64/jq-1.7.1-h31becfc_0.conda
      - conda: https://conda.anaconda.org/conda-forge/linux-aarch64/libgcc-ng-14.1.0-he277a41_0.conda
      - conda: https://conda.anaconda.org/conda-forge/linux-aarch64/libgomp-14.1.0-he277a41_0.conda
      - conda: https://conda.anaconda.org/conda-forge/linux-aarch64/libstdcxx-ng-14.1.0-h3f4de04_0.conda
      - conda: https://conda.anaconda.org/conda-forge/linux-aarch64/make-4.4.1-h2a6d0cb_0.conda
      - conda: https://conda.anaconda.org/conda-forge/linux-aarch64/ninja-1.12.1-h70be974_0.conda
      - conda: https://conda.anaconda.org/conda-forge/linux-aarch64/oniguruma-6.9.9-h31becfc_0.conda
      linux-ppc64le:
      - conda: https://conda.anaconda.org/conda-forge/linux-ppc64le/_libgcc_mutex-0.1-conda_forge.tar.bz2
      - conda: https://conda.anaconda.org/conda-forge/linux-ppc64le/_openmp_mutex-4.5-2_gnu.tar.bz2
      - conda: https://conda.anaconda.org/conda-forge/linux-ppc64le/jq-1.7.1-ha17a0cc_0.conda
      - conda: https://conda.anaconda.org/conda-forge/linux-ppc64le/libgcc-ng-14.1.0-h31e42bb_0.conda
      - conda: https://conda.anaconda.org/conda-forge/linux-ppc64le/libgomp-14.1.0-h31e42bb_0.conda
      - conda: https://conda.anaconda.org/conda-forge/linux-ppc64le/libstdcxx-ng-14.1.0-h262982c_0.conda
      - conda: https://conda.anaconda.org/conda-forge/linux-ppc64le/make-4.4.1-h3d690f4_0.conda
      - conda: https://conda.anaconda.org/conda-forge/linux-ppc64le/ninja-1.12.1-h7c29e54_0.conda
      - conda: https://conda.anaconda.org/conda-forge/linux-ppc64le/oniguruma-6.9.9-ha17a0cc_0.conda
      osx-64:
      - conda: https://conda.anaconda.org/conda-forge/osx-64/jq-1.7.1-h10d778d_0.conda
      - conda: https://conda.anaconda.org/conda-forge/osx-64/libcxx-18.1.8-heced48a_4.conda
      - conda: https://conda.anaconda.org/conda-forge/osx-64/make-4.4.1-h00291cd_0.conda
      - conda: https://conda.anaconda.org/conda-forge/osx-64/ninja-1.12.1-h3c5361c_0.conda
      - conda: https://conda.anaconda.org/conda-forge/osx-64/oniguruma-6.9.9-h10d778d_0.conda
      osx-arm64:
      - conda: https://conda.anaconda.org/conda-forge/osx-arm64/jq-1.7.1-h93a5062_0.conda
      - conda: https://conda.anaconda.org/conda-forge/osx-arm64/libcxx-18.1.8-h5a72898_4.conda
      - conda: https://conda.anaconda.org/conda-forge/osx-arm64/make-4.4.1-hc9fafa5_0.conda
      - conda: https://conda.anaconda.org/conda-forge/osx-arm64/ninja-1.12.1-h420ef59_0.conda
      - conda: https://conda.anaconda.org/conda-forge/osx-arm64/oniguruma-6.9.9-h93a5062_0.conda
packages:
- kind: conda
  name: _libgcc_mutex
  version: '0.1'
  build: conda_forge
  subdir: linux-64
  url: https://conda.anaconda.org/conda-forge/linux-64/_libgcc_mutex-0.1-conda_forge.tar.bz2
  sha256: fe51de6107f9edc7aa4f786a70f4a883943bc9d39b3bb7307c04c41410990726
  md5: d7c89558ba9fa0495403155b64376d81
  license: None
  size: 2562
  timestamp: 1578324546067
- kind: conda
  name: _libgcc_mutex
  version: '0.1'
  build: conda_forge
  subdir: linux-ppc64le
  url: https://conda.anaconda.org/conda-forge/linux-ppc64le/_libgcc_mutex-0.1-conda_forge.tar.bz2
  sha256: 5dd34b412e6274c0614d01a2f616844376ae873dfb8782c2c67d055779de6df6
  md5: e96f48755dc7c9f86c4aecf4cac40477
  license: None
  size: 2550
  timestamp: 1578324511581
- kind: conda
  name: _openmp_mutex
  version: '4.5'
  build: 2_gnu
  build_number: 16
  subdir: linux-64
  url: https://conda.anaconda.org/conda-forge/linux-64/_openmp_mutex-4.5-2_gnu.tar.bz2
  sha256: fbe2c5e56a653bebb982eda4876a9178aedfc2b545f25d0ce9c4c0b508253d22
  md5: 73aaf86a425cc6e73fcf236a5a46396d
  depends:
  - _libgcc_mutex 0.1 conda_forge
  - libgomp >=7.5.0
  constrains:
  - openmp_impl 9999
  license: BSD-3-Clause
  license_family: BSD
  size: 23621
  timestamp: 1650670423406
- kind: conda
  name: _openmp_mutex
  version: '4.5'
  build: 2_gnu
  build_number: 16
  subdir: linux-aarch64
  url: https://conda.anaconda.org/conda-forge/linux-aarch64/_openmp_mutex-4.5-2_gnu.tar.bz2
  sha256: 3702bef2f0a4d38bd8288bbe54aace623602a1343c2cfbefd3fa188e015bebf0
  md5: 6168d71addc746e8f2b8d57dfd2edcea
  depends:
  - libgomp >=7.5.0
  constrains:
  - openmp_impl 9999
  license: BSD-3-Clause
  license_family: BSD
  size: 23712
  timestamp: 1650670790230
- kind: conda
  name: _openmp_mutex
  version: '4.5'
  build: 2_gnu
  build_number: 16
  subdir: linux-ppc64le
  url: https://conda.anaconda.org/conda-forge/linux-ppc64le/_openmp_mutex-4.5-2_gnu.tar.bz2
  sha256: 4c89c2067cf5e7b0fbbdc3200c3f7affa5896e14812acf10f51575be87ae0c05
  md5: 3e41cbaba7e4988d15a24c4e85e6171b
  depends:
  - _libgcc_mutex 0.1 conda_forge
  - libgomp >=7.5.0
  constrains:
  - openmp_impl 9999
  license: BSD-3-Clause
  license_family: BSD
  size: 23710
  timestamp: 1650671119831
- kind: conda
  name: jq
  version: 1.7.1
  build: h10d778d_0
  subdir: osx-64
  url: https://conda.anaconda.org/conda-forge/osx-64/jq-1.7.1-h10d778d_0.conda
  sha256: 077ed4a3de447b1f297813a06f0c0c9cc67d50d5a5e52e7ea888a5812b5c3712
  md5: da3b979d16bbb4b97cb565733ae84ba2
  depends:
  - oniguruma 6.9.*
  - oniguruma >=6.9.9,<6.10.0a0
  license: MIT
  license_family: MIT
  size: 303960
  timestamp: 1702501070742
- kind: conda
  name: jq
  version: 1.7.1
  build: h31becfc_0
  subdir: linux-aarch64
  url: https://conda.anaconda.org/conda-forge/linux-aarch64/jq-1.7.1-h31becfc_0.conda
  sha256: 53437ca79e28003faac8058f6c025c83a819e122d3a0fb70624e6da0f77ab126
  md5: 397702b2c1e53f0f0312d2b170d2e699
  depends:
  - libgcc-ng >=12
  - oniguruma 6.9.*
  - oniguruma >=6.9.9,<6.10.0a0
  license: MIT
  license_family: MIT
  size: 334346
  timestamp: 1702502754422
- kind: conda
  name: jq
  version: 1.7.1
  build: h93a5062_0
  subdir: osx-arm64
  url: https://conda.anaconda.org/conda-forge/osx-arm64/jq-1.7.1-h93a5062_0.conda
  sha256: e530cf5800e937bce7847a023a998db504e333a928b469c45a1752535593e762
  md5: dbf665694fb28d86d77cca18e5dd530c
  depends:
  - oniguruma 6.9.*
  - oniguruma >=6.9.9,<6.10.0a0
  license: MIT
  license_family: MIT
  size: 317604
  timestamp: 1702501287237
- kind: conda
  name: jq
  version: 1.7.1
  build: ha17a0cc_0
  subdir: linux-ppc64le
  url: https://conda.anaconda.org/conda-forge/linux-ppc64le/jq-1.7.1-ha17a0cc_0.conda
  sha256: 90e0774fadfa3155632b5edccf3bfde789e8d2d119127c6ef3c56142048487a4
  md5: 6d1e7da3a2518bb6968933313e608114
  depends:
  - libgcc-ng >=12
  - oniguruma 6.9.*
  - oniguruma >=6.9.9,<6.10.0a0
  license: MIT
  license_family: MIT
  size: 405804
  timestamp: 1702503318526
- kind: conda
  name: jq
  version: 1.7.1
  build: hd590300_0
  subdir: linux-64
  url: https://conda.anaconda.org/conda-forge/linux-64/jq-1.7.1-hd590300_0.conda
  sha256: a04a1603e405ea9ae5c4a492a8e361086cb441a91ef7299bd4bf3eca0b485b6d
  md5: 80814f94713e35df60aad6c4b235de87
  depends:
  - libgcc-ng >=12
  - oniguruma 6.9.*
  - oniguruma >=6.9.9,<6.10.0a0
  license: MIT
  license_family: MIT
  size: 318956
  timestamp: 1702500793203
- kind: conda
  name: libcxx
  version: 18.1.8
  build: h5a72898_4
  build_number: 4
  subdir: osx-arm64
  url: https://conda.anaconda.org/conda-forge/osx-arm64/libcxx-18.1.8-h5a72898_4.conda
  sha256: 997e68bea725ade25ba71bc1a9fce5d7e5c37cccec6bc7656124d0d31743584d
  md5: 8c71928e2e5c78129e4ccd752ef33e12
  depends:
  - __osx >=11.0
  license: Apache-2.0 WITH LLVM-exception
  license_family: Apache
  size: 1216058
  timestamp: 1723637781569
- kind: conda
  name: libcxx
  version: 18.1.8
  build: heced48a_4
  build_number: 4
  subdir: osx-64
  url: https://conda.anaconda.org/conda-forge/osx-64/libcxx-18.1.8-heced48a_4.conda
  sha256: e6ad2e71bc9f2ee8fdcce7596baf5041941f69be5ffef478aaffd673f0691daf
  md5: 7e13da1296840905452340fca10a625b
  depends:
  - __osx >=10.13
  license: Apache-2.0 WITH LLVM-exception
  license_family: Apache
  size: 1268903
  timestamp: 1723637719063
- kind: conda
  name: libgcc-ng
  version: 14.1.0
  build: h31e42bb_0
  subdir: linux-ppc64le
  url: https://conda.anaconda.org/conda-forge/linux-ppc64le/libgcc-ng-14.1.0-h31e42bb_0.conda
  sha256: c11a31b49b690eafb2925bad2729abcefc57879a986d55bdccadf04c82acad7b
  md5: 14b852a64cd26b89248a76a1258e2dd3
  depends:
  - _libgcc_mutex 0.1 conda_forge
  - _openmp_mutex >=4.5
  constrains:
  - libgomp 14.1.0 h31e42bb_0
  license: GPL-3.0-only WITH GCC-exception-3.1
  license_family: GPL
  size: 756177
  timestamp: 1719547573263
- kind: conda
  name: libgcc-ng
  version: 14.1.0
  build: h77fa898_0
  subdir: linux-64
  url: https://conda.anaconda.org/conda-forge/linux-64/libgcc-ng-14.1.0-h77fa898_0.conda
  sha256: b8e869ac96591cda2704bf7e77a301025e405227791a0bddf14a3dac65125538
  md5: ca0fad6a41ddaef54a153b78eccb5037
  depends:
  - _libgcc_mutex 0.1 conda_forge
  - _openmp_mutex >=4.5
  constrains:
  - libgomp 14.1.0 h77fa898_0
  license: GPL-3.0-only WITH GCC-exception-3.1
  license_family: GPL
  size: 842109
  timestamp: 1719538896937
- kind: conda
  name: libgcc-ng
  version: 14.1.0
  build: he277a41_0
  subdir: linux-aarch64
  url: https://conda.anaconda.org/conda-forge/linux-aarch64/libgcc-ng-14.1.0-he277a41_0.conda
  sha256: b9ca03216bc089c0c46f008bc6f447bc0df8dc826d9801fb4283e49fa89c877e
  md5: 47ecd1292a3fd78b616640b35dd9632c
  depends:
  - _openmp_mutex >=4.5
  constrains:
  - libgomp 14.1.0 he277a41_0
  license: GPL-3.0-only WITH GCC-exception-3.1
  license_family: GPL
  size: 532273
  timestamp: 1719547536460
- kind: conda
  name: libgomp
  version: 14.1.0
  build: h31e42bb_0
  subdir: linux-ppc64le
  url: https://conda.anaconda.org/conda-forge/linux-ppc64le/libgomp-14.1.0-h31e42bb_0.conda
  sha256: beb3fdacae435b1fb2353f95dfbafa47248c6fe7bd61ddb5caa9b8ea94d7eba3
  md5: 7fdd8453eb2e5a324f30fc4eaaf17b14
  depends:
  - _libgcc_mutex 0.1 conda_forge
  license: GPL-3.0-only WITH GCC-exception-3.1
  license_family: GPL
  size: 461643
  timestamp: 1719547428860
- kind: conda
  name: libgomp
  version: 14.1.0
  build: h77fa898_0
  subdir: linux-64
  url: https://conda.anaconda.org/conda-forge/linux-64/libgomp-14.1.0-h77fa898_0.conda
  sha256: 7699df61a1f6c644b3576a40f54791561f2845983120477a16116b951c9cdb05
  md5: ae061a5ed5f05818acdf9adab72c146d
  depends:
  - _libgcc_mutex 0.1 conda_forge
  license: GPL-3.0-only WITH GCC-exception-3.1
  license_family: GPL
  size: 456925
  timestamp: 1719538796073
- kind: conda
  name: libgomp
  version: 14.1.0
  build: he277a41_0
  subdir: linux-aarch64
  url: https://conda.anaconda.org/conda-forge/linux-aarch64/libgomp-14.1.0-he277a41_0.conda
  sha256: 11f326e49e0fb92c2a52e870c029fc26b4b6d3eb9414fa4374cb8496b231a730
  md5: 434ccc943b843117e4cebc97265f2504
  license: GPL-3.0-only WITH GCC-exception-3.1
  license_family: GPL
  size: 459535
  timestamp: 1719547432949
- kind: conda
  name: libstdcxx-ng
  version: 14.1.0
  build: h262982c_0
  subdir: linux-ppc64le
  url: https://conda.anaconda.org/conda-forge/linux-ppc64le/libstdcxx-ng-14.1.0-h262982c_0.conda
  sha256: d9dbe77c1065492bc93be1efbc71da90e0657c7d1a784e080beea1d5c545f0f0
  md5: f28ff87486ca3c4e1c8bff212e18853d
  depends:
  - libgcc-ng 14.1.0 h31e42bb_0
  license: GPL-3.0-only WITH GCC-exception-3.1
  license_family: GPL
  size: 4017768
  timestamp: 1719547601961
- kind: conda
  name: libstdcxx-ng
  version: 14.1.0
  build: h3f4de04_0
  subdir: linux-aarch64
  url: https://conda.anaconda.org/conda-forge/linux-aarch64/libstdcxx-ng-14.1.0-h3f4de04_0.conda
  sha256: 4f2f35b78258d1a1e56b1b0e61091862c10ec76bf67ca1b0ff99dd5e07e76271
  md5: 2f84852b723ac4389eb188db695526bb
  depends:
  - libgcc-ng 14.1.0 he277a41_0
  license: GPL-3.0-only WITH GCC-exception-3.1
  license_family: GPL
  size: 3805250
  timestamp: 1719547563542
- kind: conda
  name: libstdcxx-ng
  version: 14.1.0
  build: hc0a3c3a_0
  subdir: linux-64
  url: https://conda.anaconda.org/conda-forge/linux-64/libstdcxx-ng-14.1.0-hc0a3c3a_0.conda
  sha256: 88c42b388202ffe16adaa337e36cf5022c63cf09b0405cf06fc6aeacccbe6146
  md5: 1cb187a157136398ddbaae90713e2498
  depends:
  - libgcc-ng 14.1.0 h77fa898_0
  license: GPL-3.0-only WITH GCC-exception-3.1
  license_family: GPL
  size: 3881307
  timestamp: 1719538923443
- kind: conda
  name: make
  version: 4.4.1
  build: h00291cd_0
  subdir: osx-64
  url: https://conda.anaconda.org/conda-forge/osx-64/make-4.4.1-h00291cd_0.conda
  sha256: 32df3c8ae3a0e7d46fb7ece7b8024ec8bb1d1d78eee589802ef0ea85ffac57cd
  md5: 3d166e7626d15b97713cf576af6662a3
  depends:
  - __osx >=10.13
  license: GPL-3.0-or-later
  size: 278710
  timestamp: 1724373842343
- kind: conda
  name: make
  version: 4.4.1
  build: h2a6d0cb_0
  subdir: linux-aarch64
  url: https://conda.anaconda.org/conda-forge/linux-aarch64/make-4.4.1-h2a6d0cb_0.conda
  sha256: 36e456a56b6d0040d568dea3ea217ec9b5f09d0499b77f54bf48f77c92c3ddb9
  md5: a56bef9f3ea08602a655b7514fec0d66
  depends:
  - libgcc-ng >=13
  license: GPL-3.0-or-later
  size: 533802
  timestamp: 1724373795569
- kind: conda
  name: make
  version: 4.4.1
  build: h3d690f4_0
  subdir: linux-ppc64le
  url: https://conda.anaconda.org/conda-forge/linux-ppc64le/make-4.4.1-h3d690f4_0.conda
  sha256: 2ab520a5597bf91a0f8d79a888124f2316960372b1254074d2a309cf0cf84777
  md5: 2a0ad9c0a0dcc76c3f3b1e06c80a12bd
  depends:
  - libgcc-ng >=13
  license: GPL-3.0-or-later
  size: 536510
  timestamp: 1724373816688
- kind: conda
  name: make
  version: 4.4.1
  build: hb9d3cd8_0
  subdir: linux-64
  url: https://conda.anaconda.org/conda-forge/linux-64/make-4.4.1-hb9d3cd8_0.conda
  sha256: 1c6bac75dff518720d86d4535d8eb10647037925a2662d6cf8009e7252966cb2
  md5: 0e5a55445a0a4d12a50945eb11da90d3
  depends:
  - __glibc >=2.17,<3.0.a0
  - libgcc-ng >=13
  license: GPL-3.0-or-later
  size: 516062
  timestamp: 1724373778473
- kind: conda
  name: make
  version: 4.4.1
  build: hc9fafa5_0
  subdir: osx-arm64
  url: https://conda.anaconda.org/conda-forge/osx-arm64/make-4.4.1-hc9fafa5_0.conda
  sha256: cfb20b4832af19e1816ed49f692e3f84e0dea42d995cc29a61ce4f5091dd24d8
  md5: e944c0125471fab3b75253aa13551fbe
  depends:
  - __osx >=11.0
  license: GPL-3.0-or-later
  size: 273728
  timestamp: 1724373828543
- kind: conda
  name: ninja
  version: 1.12.1
  build: h297d8ca_0
  subdir: linux-64
  url: https://conda.anaconda.org/conda-forge/linux-64/ninja-1.12.1-h297d8ca_0.conda
  sha256: 40f7b76b07067935f8a5886aab0164067b7aa71eb5ad20b7278618c0c2c98e06
  md5: 3aa1c7e292afeff25a0091ddd7c69b72
  depends:
  - libgcc-ng >=12
  - libstdcxx-ng >=12
  license: Apache-2.0
  license_family: Apache
  size: 2198858
  timestamp: 1715440571685
- kind: conda
  name: ninja
  version: 1.12.1
  build: h3c5361c_0
  subdir: osx-64
  url: https://conda.anaconda.org/conda-forge/osx-64/ninja-1.12.1-h3c5361c_0.conda
  sha256: 230f11a2f73955b67550be09a0c1fd053772f5e01e98d5873547d63ebea73229
  md5: a0ebabd021c8191aeb82793fe43cfdcb
  depends:
  - __osx >=10.13
  - libcxx >=16
  license: Apache-2.0
  license_family: Apache
  size: 124942
  timestamp: 1715440780183
- kind: conda
  name: ninja
  version: 1.12.1
  build: h420ef59_0
  subdir: osx-arm64
  url: https://conda.anaconda.org/conda-forge/osx-arm64/ninja-1.12.1-h420ef59_0.conda
  sha256: 11528acfa0f05d0c51639f6b09b51dc6611b801668449bb36c206c4b055be4f4
  md5: 9166c10405d41c95ffde8fcb8e5c3d51
  depends:
  - __osx >=11.0
  - libcxx >=16
  license: Apache-2.0
  license_family: Apache
  size: 112576
  timestamp: 1715440927034
- kind: conda
  name: ninja
  version: 1.12.1
  build: h70be974_0
  subdir: linux-aarch64
  url: https://conda.anaconda.org/conda-forge/linux-aarch64/ninja-1.12.1-h70be974_0.conda
  sha256: a42f12c03a69cdcd2e7d5f95fd4e0f1e5fc43ef482aff2b8ee16a3730cc642de
  md5: 216635cea46498d8045c7cf0f03eaf72
  depends:
  - libgcc-ng >=12
  - libstdcxx-ng >=12
  license: Apache-2.0
  license_family: Apache
  size: 2329583
  timestamp: 1715442512963
- kind: conda
  name: ninja
  version: 1.12.1
  build: h7c29e54_0
  subdir: linux-ppc64le
  url: https://conda.anaconda.org/conda-forge/linux-ppc64le/ninja-1.12.1-h7c29e54_0.conda
  sha256: bcd5d7cbe6ce5286bce96509c54ecda21259f0b4b4c0848c6f4f2da7d205cc5a
  md5: 3e9ee37e23ca2cb869a9e0f8281cbfc9
  depends:
  - libgcc-ng >=12
  - libstdcxx-ng >=12
  license: Apache-2.0
  license_family: Apache
  size: 2373900
  timestamp: 1715442306941
- kind: conda
  name: oniguruma
  version: 6.9.9
  build: h10d778d_0
  subdir: osx-64
  url: https://conda.anaconda.org/conda-forge/osx-64/oniguruma-6.9.9-h10d778d_0.conda
  sha256: c529ba66bcf31bc1d73c9a6a15cf90dce96e52d65f82e8b7ee903e8437ecb6e8
  md5: 0b1b97981c0b7b59e72606e9f3616431
  license: BSD-2-Clause
  license_family: BSD
  size: 224443
  timestamp: 1697485744652
- kind: conda
  name: oniguruma
  version: 6.9.9
  build: h31becfc_0
  subdir: linux-aarch64
  url: https://conda.anaconda.org/conda-forge/linux-aarch64/oniguruma-6.9.9-h31becfc_0.conda
  sha256: e21b1822736959ba434ebce452ee86844a11d918c8b1c48c71f15e9a932fd571
  md5: 475018b8e0b8720c985a185427f5bf13
  depends:
  - libgcc-ng >=12
  license: BSD-2-Clause
  license_family: BSD
  size: 250005
  timestamp: 1697487236819
- kind: conda
  name: oniguruma
  version: 6.9.9
  build: h93a5062_0
  subdir: osx-arm64
  url: https://conda.anaconda.org/conda-forge/osx-arm64/oniguruma-6.9.9-h93a5062_0.conda
  sha256: 66632aeef5b74e15746161db8fa8b5150a191ab05823d7d2f1587bdf96674c7b
  md5: 770c654e0d5bfa3aa1e6ac5440815cda
  license: BSD-2-Clause
  license_family: BSD
  size: 223231
  timestamp: 1697485732214
- kind: conda
  name: oniguruma
  version: 6.9.9
  build: ha17a0cc_0
  subdir: linux-ppc64le
  url: https://conda.anaconda.org/conda-forge/linux-ppc64le/oniguruma-6.9.9-ha17a0cc_0.conda
  sha256: fdcfa08aae69449e8aed1ab5dac584080d290f10afe041b4390b987f186209f2
  md5: ad9493324b5d7ca108d2ae808d3efa90
  depends:
  - libgcc-ng >=12
  license: BSD-2-Clause
  license_family: BSD
  size: 289963
  timestamp: 1697487579258
- kind: conda
  name: oniguruma
  version: 6.9.9
  build: hd590300_0
  subdir: linux-64
  url: https://conda.anaconda.org/conda-forge/linux-64/oniguruma-6.9.9-hd590300_0.conda
  sha256: dec1c78df7670d34880f71f75ac716f082d087494b4a2c6a90d5d75a82c933ed
  md5: 77dab674d16c1525ebe65e67de30de0d
  depends:
  - libgcc-ng >=12
  license: BSD-2-Clause
  license_family: BSD
  size: 246869
  timestamp: 1697485543293
